
Microsoft Visual Studio Solution File, Format Version 12.00
# Visual Studio Version 16
VisualStudioVersion = 16.0.31613.86
MinimumVisualStudioVersion = 10.0.40219.1
Project("{FAE04EC0-301F-11D3-BF4B-00C04F79EFBC}") = "Senai.Rental.WebApi", "Senai.Rental.WebApi.csproj", "{266C9CCF-0C15-4533-ADDF-4ED7E83DCC4B}"
EndProject
Global
	GlobalSection(SolutionConfigurationPlatforms) = preSolution
		Debug|Any CPU = Debug|Any CPU
		Release|Any CPU = Release|Any CPU
	EndGlobalSection
	GlobalSection(ProjectConfigurationPlatforms) = postSolution
		{266C9CCF-0C15-4533-ADDF-4ED7E83DCC4B}.Debug|Any CPU.ActiveCfg = Debug|Any CPU
		{266C9CCF-0C15-4533-ADDF-4ED7E83DCC4B}.Debug|Any CPU.Build.0 = Debug|Any CPU
		{266C9CCF-0C15-4533-ADDF-4ED7E83DCC4B}.Release|Any CPU.ActiveCfg = Release|Any CPU
		{266C9CCF-0C15-4533-ADDF-4ED7E83DCC4B}.Release|Any CPU.Build.0 = Release|Any CPU
	EndGlobalSection
	GlobalSection(SolutionProperties) = preSolution
		HideSolutionNode = FALSE
	EndGlobalSection
	GlobalSection(ExtensibilityGlobals) = postSolution
		SolutionGuid = {13EDBC99-CE2D-4415-88A5-704AAEE0C041}
	EndGlobalSection
EndGlobal
