
Microsoft Visual Studio Solution File, Format Version 12.00
# Visual Studio Version 16
VisualStudioVersion = 16.0.31613.86
MinimumVisualStudioVersion = 10.0.40219.1
Project("{FAE04EC0-301F-11D3-BF4B-00C04F79EFBC}") = "senai_Inlock_webAPI_CodeFirst", "senai_Inlock_webAPI_CodeFirst.csproj", "{01CB9471-DD28-409A-869D-142A4756CD24}"
EndProject
Global
	GlobalSection(SolutionConfigurationPlatforms) = preSolution
		Debug|Any CPU = Debug|Any CPU
		Release|Any CPU = Release|Any CPU
	EndGlobalSection
	GlobalSection(ProjectConfigurationPlatforms) = postSolution
		{01CB9471-DD28-409A-869D-142A4756CD24}.Debug|Any CPU.ActiveCfg = Debug|Any CPU
		{01CB9471-DD28-409A-869D-142A4756CD24}.Debug|Any CPU.Build.0 = Debug|Any CPU
		{01CB9471-DD28-409A-869D-142A4756CD24}.Release|Any CPU.ActiveCfg = Release|Any CPU
		{01CB9471-DD28-409A-869D-142A4756CD24}.Release|Any CPU.Build.0 = Release|Any CPU
	EndGlobalSection
	GlobalSection(SolutionProperties) = preSolution
		HideSolutionNode = FALSE
	EndGlobalSection
	GlobalSection(ExtensibilityGlobals) = postSolution
		SolutionGuid = {E4B47D95-CF8C-4BD8-8FE2-3C6E6C315D19}
	EndGlobalSection
EndGlobal
